
Microsoft Visual Studio Solution File, Format Version 12.00
# Visual Studio 15
VisualStudioVersion = 15.0.26430.12
MinimumVisualStudioVersion = 10.0.40219.1
Project("{2150E333-8FDC-42A3-9474-1A3956D46DE8}") = "NeuralAction", "NeuralAction", "{BD3684EA-D4FD-45FF-9EC0-9719331972C4}"
EndProject
Project("{FAE04EC0-301F-11D3-BF4B-00C04F79EFBC}") = "NeuralAction.Android", "NeuralAction\NeuralAction.Android\NeuralAction.Android.csproj", "{BE6A5A58-1321-424B-9353-829AF7215938}"
EndProject
Project("{FAE04EC0-301F-11D3-BF4B-00C04F79EFBC}") = "NeuralAction", "NeuralAction\NeuralAction\NeuralAction.csproj", "{46AE87EB-791B-4126-B43F-CE304498A7E6}"
EndProject
Project("{FAE04EC0-301F-11D3-BF4B-00C04F79EFBC}") = "NeuralAction.UWP", "NeuralAction\NeuralAction.UWP\NeuralAction.UWP.csproj", "{97F3C755-399E-4350-874F-8DB65AD9129B}"
EndProject
Project("{FAE04EC0-301F-11D3-BF4B-00C04F79EFBC}") = "NeuralAction.iOS", "NeuralAction\NeuralAction.iOS\NeuralAction.iOS.csproj", "{5BC4C9C6-5B3F-4AE6-B9EF-34C5372A0881}"
EndProject
Global
	GlobalSection(SolutionConfigurationPlatforms) = preSolution
		Ad-Hoc|Any CPU = Ad-Hoc|Any CPU
		Ad-Hoc|ARM = Ad-Hoc|ARM
		Ad-Hoc|arm64-v8a = Ad-Hoc|arm64-v8a
		Ad-Hoc|armeabi = Ad-Hoc|armeabi
		Ad-Hoc|armeabi-v7a = Ad-Hoc|armeabi-v7a
		Ad-Hoc|iPhone = Ad-Hoc|iPhone
		Ad-Hoc|iPhoneSimulator = Ad-Hoc|iPhoneSimulator
		Ad-Hoc|None = Ad-Hoc|None
		Ad-Hoc|x64 = Ad-Hoc|x64
		Ad-Hoc|x86 = Ad-Hoc|x86
		Ad-Hoc|x86_64 = Ad-Hoc|x86_64
		AppStore|Any CPU = AppStore|Any CPU
		AppStore|ARM = AppStore|ARM
		AppStore|arm64-v8a = AppStore|arm64-v8a
		AppStore|armeabi = AppStore|armeabi
		AppStore|armeabi-v7a = AppStore|armeabi-v7a
		AppStore|iPhone = AppStore|iPhone
		AppStore|iPhoneSimulator = AppStore|iPhoneSimulator
		AppStore|None = AppStore|None
		AppStore|x64 = AppStore|x64
		AppStore|x86 = AppStore|x86
		AppStore|x86_64 = AppStore|x86_64
		Debug|Any CPU = Debug|Any CPU
		Debug|ARM = Debug|ARM
		Debug|arm64-v8a = Debug|arm64-v8a
		Debug|armeabi = Debug|armeabi
		Debug|armeabi-v7a = Debug|armeabi-v7a
		Debug|iPhone = Debug|iPhone
		Debug|iPhoneSimulator = Debug|iPhoneSimulator
		Debug|None = Debug|None
		Debug|x64 = Debug|x64
		Debug|x86 = Debug|x86
		Debug|x86_64 = Debug|x86_64
		Release|Any CPU = Release|Any CPU
		Release|ARM = Release|ARM
		Release|arm64-v8a = Release|arm64-v8a
		Release|armeabi = Release|armeabi
		Release|armeabi-v7a = Release|armeabi-v7a
		Release|iPhone = Release|iPhone
		Release|iPhoneSimulator = Release|iPhoneSimulator
		Release|None = Release|None
		Release|x64 = Release|x64
		Release|x86 = Release|x86
		Release|x86_64 = Release|x86_64
	EndGlobalSection
	GlobalSection(ProjectConfigurationPlatforms) = postSolution
		{BE6A5A58-1321-424B-9353-829AF7215938}.Ad-Hoc|Any CPU.ActiveCfg = Release|Any CPU
		{BE6A5A58-1321-424B-9353-829AF7215938}.Ad-Hoc|Any CPU.Build.0 = Release|Any CPU
		{BE6A5A58-1321-424B-9353-829AF7215938}.Ad-Hoc|Any CPU.Deploy.0 = Release|Any CPU
		{BE6A5A58-1321-424B-9353-829AF7215938}.Ad-Hoc|ARM.ActiveCfg = Release|Any CPU
		{BE6A5A58-1321-424B-9353-829AF7215938}.Ad-Hoc|ARM.Build.0 = Release|Any CPU
		{BE6A5A58-1321-424B-9353-829AF7215938}.Ad-Hoc|ARM.Deploy.0 = Release|Any CPU
		{BE6A5A58-1321-424B-9353-829AF7215938}.Ad-Hoc|arm64-v8a.ActiveCfg = Release|Any CPU
		{BE6A5A58-1321-424B-9353-829AF7215938}.Ad-Hoc|arm64-v8a.Build.0 = Release|Any CPU
		{BE6A5A58-1321-424B-9353-829AF7215938}.Ad-Hoc|arm64-v8a.Deploy.0 = Release|Any CPU
		{BE6A5A58-1321-424B-9353-829AF7215938}.Ad-Hoc|armeabi.ActiveCfg = Release|Any CPU
		{BE6A5A58-1321-424B-9353-829AF7215938}.Ad-Hoc|armeabi.Build.0 = Release|Any CPU
		{BE6A5A58-1321-424B-9353-829AF7215938}.Ad-Hoc|armeabi.Deploy.0 = Release|Any CPU
		{BE6A5A58-1321-424B-9353-829AF7215938}.Ad-Hoc|armeabi-v7a.ActiveCfg = Release|Any CPU
		{BE6A5A58-1321-424B-9353-829AF7215938}.Ad-Hoc|armeabi-v7a.Build.0 = Release|Any CPU
		{BE6A5A58-1321-424B-9353-829AF7215938}.Ad-Hoc|armeabi-v7a.Deploy.0 = Release|Any CPU
		{BE6A5A58-1321-424B-9353-829AF7215938}.Ad-Hoc|iPhone.ActiveCfg = Release|Any CPU
		{BE6A5A58-1321-424B-9353-829AF7215938}.Ad-Hoc|iPhone.Build.0 = Release|Any CPU
		{BE6A5A58-1321-424B-9353-829AF7215938}.Ad-Hoc|iPhone.Deploy.0 = Release|Any CPU
		{BE6A5A58-1321-424B-9353-829AF7215938}.Ad-Hoc|iPhoneSimulator.ActiveCfg = Release|Any CPU
		{BE6A5A58-1321-424B-9353-829AF7215938}.Ad-Hoc|iPhoneSimulator.Build.0 = Release|Any CPU
		{BE6A5A58-1321-424B-9353-829AF7215938}.Ad-Hoc|iPhoneSimulator.Deploy.0 = Release|Any CPU
		{BE6A5A58-1321-424B-9353-829AF7215938}.Ad-Hoc|None.ActiveCfg = Release|Any CPU
		{BE6A5A58-1321-424B-9353-829AF7215938}.Ad-Hoc|None.Build.0 = Release|Any CPU
		{BE6A5A58-1321-424B-9353-829AF7215938}.Ad-Hoc|None.Deploy.0 = Release|Any CPU
		{BE6A5A58-1321-424B-9353-829AF7215938}.Ad-Hoc|x64.ActiveCfg = Release|Any CPU
		{BE6A5A58-1321-424B-9353-829AF7215938}.Ad-Hoc|x64.Build.0 = Release|Any CPU
		{BE6A5A58-1321-424B-9353-829AF7215938}.Ad-Hoc|x64.Deploy.0 = Release|Any CPU
		{BE6A5A58-1321-424B-9353-829AF7215938}.Ad-Hoc|x86.ActiveCfg = Release|Any CPU
		{BE6A5A58-1321-424B-9353-829AF7215938}.Ad-Hoc|x86.Build.0 = Release|Any CPU
		{BE6A5A58-1321-424B-9353-829AF7215938}.Ad-Hoc|x86.Deploy.0 = Release|Any CPU
		{BE6A5A58-1321-424B-9353-829AF7215938}.Ad-Hoc|x86_64.ActiveCfg = Release|Any CPU
		{BE6A5A58-1321-424B-9353-829AF7215938}.Ad-Hoc|x86_64.Build.0 = Release|Any CPU
		{BE6A5A58-1321-424B-9353-829AF7215938}.Ad-Hoc|x86_64.Deploy.0 = Release|Any CPU
		{BE6A5A58-1321-424B-9353-829AF7215938}.AppStore|Any CPU.ActiveCfg = Release|Any CPU
		{BE6A5A58-1321-424B-9353-829AF7215938}.AppStore|Any CPU.Build.0 = Release|Any CPU
		{BE6A5A58-1321-424B-9353-829AF7215938}.AppStore|Any CPU.Deploy.0 = Release|Any CPU
		{BE6A5A58-1321-424B-9353-829AF7215938}.AppStore|ARM.ActiveCfg = Release|Any CPU
		{BE6A5A58-1321-424B-9353-829AF7215938}.AppStore|ARM.Build.0 = Release|Any CPU
		{BE6A5A58-1321-424B-9353-829AF7215938}.AppStore|ARM.Deploy.0 = Release|Any CPU
		{BE6A5A58-1321-424B-9353-829AF7215938}.AppStore|arm64-v8a.ActiveCfg = Release|Any CPU
		{BE6A5A58-1321-424B-9353-829AF7215938}.AppStore|arm64-v8a.Build.0 = Release|Any CPU
		{BE6A5A58-1321-424B-9353-829AF7215938}.AppStore|arm64-v8a.Deploy.0 = Release|Any CPU
		{BE6A5A58-1321-424B-9353-829AF7215938}.AppStore|armeabi.ActiveCfg = Release|Any CPU
		{BE6A5A58-1321-424B-9353-829AF7215938}.AppStore|armeabi.Build.0 = Release|Any CPU
		{BE6A5A58-1321-424B-9353-829AF7215938}.AppStore|armeabi.Deploy.0 = Release|Any CPU
		{BE6A5A58-1321-424B-9353-829AF7215938}.AppStore|armeabi-v7a.ActiveCfg = Release|Any CPU
		{BE6A5A58-1321-424B-9353-829AF7215938}.AppStore|armeabi-v7a.Build.0 = Release|Any CPU
		{BE6A5A58-1321-424B-9353-829AF7215938}.AppStore|armeabi-v7a.Deploy.0 = Release|Any CPU
		{BE6A5A58-1321-424B-9353-829AF7215938}.AppStore|iPhone.ActiveCfg = Release|Any CPU
		{BE6A5A58-1321-424B-9353-829AF7215938}.AppStore|iPhone.Build.0 = Release|Any CPU
		{BE6A5A58-1321-424B-9353-829AF7215938}.AppStore|iPhone.Deploy.0 = Release|Any CPU
		{BE6A5A58-1321-424B-9353-829AF7215938}.AppStore|iPhoneSimulator.ActiveCfg = Release|Any CPU
		{BE6A5A58-1321-424B-9353-829AF7215938}.AppStore|iPhoneSimulator.Build.0 = Release|Any CPU
		{BE6A5A58-1321-424B-9353-829AF7215938}.AppStore|iPhoneSimulator.Deploy.0 = Release|Any CPU
		{BE6A5A58-1321-424B-9353-829AF7215938}.AppStore|None.ActiveCfg = Release|Any CPU
		{BE6A5A58-1321-424B-9353-829AF7215938}.AppStore|None.Build.0 = Release|Any CPU
		{BE6A5A58-1321-424B-9353-829AF7215938}.AppStore|None.Deploy.0 = Release|Any CPU
		{BE6A5A58-1321-424B-9353-829AF7215938}.AppStore|x64.ActiveCfg = Release|Any CPU
		{BE6A5A58-1321-424B-9353-829AF7215938}.AppStore|x64.Build.0 = Release|Any CPU
		{BE6A5A58-1321-424B-9353-829AF7215938}.AppStore|x64.Deploy.0 = Release|Any CPU
		{BE6A5A58-1321-424B-9353-829AF7215938}.AppStore|x86.ActiveCfg = Release|Any CPU
		{BE6A5A58-1321-424B-9353-829AF7215938}.AppStore|x86.Build.0 = Release|Any CPU
		{BE6A5A58-1321-424B-9353-829AF7215938}.AppStore|x86.Deploy.0 = Release|Any CPU
		{BE6A5A58-1321-424B-9353-829AF7215938}.AppStore|x86_64.ActiveCfg = Release|Any CPU
		{BE6A5A58-1321-424B-9353-829AF7215938}.AppStore|x86_64.Build.0 = Release|Any CPU
		{BE6A5A58-1321-424B-9353-829AF7215938}.AppStore|x86_64.Deploy.0 = Release|Any CPU
		{BE6A5A58-1321-424B-9353-829AF7215938}.Debug|Any CPU.ActiveCfg = Debug|Any CPU
		{BE6A5A58-1321-424B-9353-829AF7215938}.Debug|Any CPU.Build.0 = Debug|Any CPU
		{BE6A5A58-1321-424B-9353-829AF7215938}.Debug|Any CPU.Deploy.0 = Debug|Any CPU
		{BE6A5A58-1321-424B-9353-829AF7215938}.Debug|ARM.ActiveCfg = Debug|Any CPU
		{BE6A5A58-1321-424B-9353-829AF7215938}.Debug|ARM.Build.0 = Debug|Any CPU
		{BE6A5A58-1321-424B-9353-829AF7215938}.Debug|ARM.Deploy.0 = Debug|Any CPU
		{BE6A5A58-1321-424B-9353-829AF7215938}.Debug|arm64-v8a.ActiveCfg = Debug|Any CPU
		{BE6A5A58-1321-424B-9353-829AF7215938}.Debug|arm64-v8a.Build.0 = Debug|Any CPU
		{BE6A5A58-1321-424B-9353-829AF7215938}.Debug|arm64-v8a.Deploy.0 = Debug|Any CPU
		{BE6A5A58-1321-424B-9353-829AF7215938}.Debug|armeabi.ActiveCfg = Debug|Any CPU
		{BE6A5A58-1321-424B-9353-829AF7215938}.Debug|armeabi.Build.0 = Debug|Any CPU
		{BE6A5A58-1321-424B-9353-829AF7215938}.Debug|armeabi.Deploy.0 = Debug|Any CPU
		{BE6A5A58-1321-424B-9353-829AF7215938}.Debug|armeabi-v7a.ActiveCfg = Debug|Any CPU
		{BE6A5A58-1321-424B-9353-829AF7215938}.Debug|armeabi-v7a.Build.0 = Debug|Any CPU
		{BE6A5A58-1321-424B-9353-829AF7215938}.Debug|armeabi-v7a.Deploy.0 = Debug|Any CPU
		{BE6A5A58-1321-424B-9353-829AF7215938}.Debug|iPhone.ActiveCfg = Debug|Any CPU
		{BE6A5A58-1321-424B-9353-829AF7215938}.Debug|iPhone.Build.0 = Debug|Any CPU
		{BE6A5A58-1321-424B-9353-829AF7215938}.Debug|iPhone.Deploy.0 = Debug|Any CPU
		{BE6A5A58-1321-424B-9353-829AF7215938}.Debug|iPhoneSimulator.ActiveCfg = Debug|Any CPU
		{BE6A5A58-1321-424B-9353-829AF7215938}.Debug|iPhoneSimulator.Build.0 = Debug|Any CPU
		{BE6A5A58-1321-424B-9353-829AF7215938}.Debug|iPhoneSimulator.Deploy.0 = Debug|Any CPU
		{BE6A5A58-1321-424B-9353-829AF7215938}.Debug|None.ActiveCfg = Debug|Any CPU
		{BE6A5A58-1321-424B-9353-829AF7215938}.Debug|None.Build.0 = Debug|Any CPU
		{BE6A5A58-1321-424B-9353-829AF7215938}.Debug|None.Deploy.0 = Debug|Any CPU
		{BE6A5A58-1321-424B-9353-829AF7215938}.Debug|x64.ActiveCfg = Debug|Any CPU
		{BE6A5A58-1321-424B-9353-829AF7215938}.Debug|x64.Build.0 = Debug|Any CPU
		{BE6A5A58-1321-424B-9353-829AF7215938}.Debug|x64.Deploy.0 = Debug|Any CPU
		{BE6A5A58-1321-424B-9353-829AF7215938}.Debug|x86.ActiveCfg = Debug|Any CPU
		{BE6A5A58-1321-424B-9353-829AF7215938}.Debug|x86.Build.0 = Debug|Any CPU
		{BE6A5A58-1321-424B-9353-829AF7215938}.Debug|x86.Deploy.0 = Debug|Any CPU
		{BE6A5A58-1321-424B-9353-829AF7215938}.Debug|x86_64.ActiveCfg = Debug|Any CPU
		{BE6A5A58-1321-424B-9353-829AF7215938}.Debug|x86_64.Build.0 = Debug|Any CPU
		{BE6A5A58-1321-424B-9353-829AF7215938}.Debug|x86_64.Deploy.0 = Debug|Any CPU
		{BE6A5A58-1321-424B-9353-829AF7215938}.Release|Any CPU.ActiveCfg = Release|Any CPU
		{BE6A5A58-1321-424B-9353-829AF7215938}.Release|Any CPU.Build.0 = Release|Any CPU
		{BE6A5A58-1321-424B-9353-829AF7215938}.Release|Any CPU.Deploy.0 = Release|Any CPU
		{BE6A5A58-1321-424B-9353-829AF7215938}.Release|ARM.ActiveCfg = Release|Any CPU
		{BE6A5A58-1321-424B-9353-829AF7215938}.Release|ARM.Build.0 = Release|Any CPU
		{BE6A5A58-1321-424B-9353-829AF7215938}.Release|ARM.Deploy.0 = Release|Any CPU
		{BE6A5A58-1321-424B-9353-829AF7215938}.Release|arm64-v8a.ActiveCfg = Release|Any CPU
		{BE6A5A58-1321-424B-9353-829AF7215938}.Release|arm64-v8a.Build.0 = Release|Any CPU
		{BE6A5A58-1321-424B-9353-829AF7215938}.Release|arm64-v8a.Deploy.0 = Release|Any CPU
		{BE6A5A58-1321-424B-9353-829AF7215938}.Release|armeabi.ActiveCfg = Release|Any CPU
		{BE6A5A58-1321-424B-9353-829AF7215938}.Release|armeabi.Build.0 = Release|Any CPU
		{BE6A5A58-1321-424B-9353-829AF7215938}.Release|armeabi.Deploy.0 = Release|Any CPU
		{BE6A5A58-1321-424B-9353-829AF7215938}.Release|armeabi-v7a.ActiveCfg = Release|Any CPU
		{BE6A5A58-1321-424B-9353-829AF7215938}.Release|armeabi-v7a.Build.0 = Release|Any CPU
		{BE6A5A58-1321-424B-9353-829AF7215938}.Release|armeabi-v7a.Deploy.0 = Release|Any CPU
		{BE6A5A58-1321-424B-9353-829AF7215938}.Release|iPhone.ActiveCfg = Release|Any CPU
		{BE6A5A58-1321-424B-9353-829AF7215938}.Release|iPhone.Build.0 = Release|Any CPU
		{BE6A5A58-1321-424B-9353-829AF7215938}.Release|iPhone.Deploy.0 = Release|Any CPU
		{BE6A5A58-1321-424B-9353-829AF7215938}.Release|iPhoneSimulator.ActiveCfg = Release|Any CPU
		{BE6A5A58-1321-424B-9353-829AF7215938}.Release|iPhoneSimulator.Build.0 = Release|Any CPU
		{BE6A5A58-1321-424B-9353-829AF7215938}.Release|iPhoneSimulator.Deploy.0 = Release|Any CPU
		{BE6A5A58-1321-424B-9353-829AF7215938}.Release|None.ActiveCfg = Release|Any CPU
		{BE6A5A58-1321-424B-9353-829AF7215938}.Release|None.Build.0 = Release|Any CPU
		{BE6A5A58-1321-424B-9353-829AF7215938}.Release|None.Deploy.0 = Release|Any CPU
		{BE6A5A58-1321-424B-9353-829AF7215938}.Release|x64.ActiveCfg = Release|Any CPU
		{BE6A5A58-1321-424B-9353-829AF7215938}.Release|x64.Build.0 = Release|Any CPU
		{BE6A5A58-1321-424B-9353-829AF7215938}.Release|x64.Deploy.0 = Release|Any CPU
		{BE6A5A58-1321-424B-9353-829AF7215938}.Release|x86.ActiveCfg = Release|Any CPU
		{BE6A5A58-1321-424B-9353-829AF7215938}.Release|x86.Build.0 = Release|Any CPU
		{BE6A5A58-1321-424B-9353-829AF7215938}.Release|x86.Deploy.0 = Release|Any CPU
		{BE6A5A58-1321-424B-9353-829AF7215938}.Release|x86_64.ActiveCfg = Release|Any CPU
		{BE6A5A58-1321-424B-9353-829AF7215938}.Release|x86_64.Build.0 = Release|Any CPU
		{BE6A5A58-1321-424B-9353-829AF7215938}.Release|x86_64.Deploy.0 = Release|Any CPU
		{46AE87EB-791B-4126-B43F-CE304498A7E6}.Ad-Hoc|Any CPU.ActiveCfg = Release|Any CPU
		{46AE87EB-791B-4126-B43F-CE304498A7E6}.Ad-Hoc|Any CPU.Build.0 = Release|Any CPU
		{46AE87EB-791B-4126-B43F-CE304498A7E6}.Ad-Hoc|ARM.ActiveCfg = Release|Any CPU
		{46AE87EB-791B-4126-B43F-CE304498A7E6}.Ad-Hoc|ARM.Build.0 = Release|Any CPU
		{46AE87EB-791B-4126-B43F-CE304498A7E6}.Ad-Hoc|arm64-v8a.ActiveCfg = Release|Any CPU
		{46AE87EB-791B-4126-B43F-CE304498A7E6}.Ad-Hoc|arm64-v8a.Build.0 = Release|Any CPU
		{46AE87EB-791B-4126-B43F-CE304498A7E6}.Ad-Hoc|armeabi.ActiveCfg = Release|Any CPU
		{46AE87EB-791B-4126-B43F-CE304498A7E6}.Ad-Hoc|armeabi.Build.0 = Release|Any CPU
		{46AE87EB-791B-4126-B43F-CE304498A7E6}.Ad-Hoc|armeabi-v7a.ActiveCfg = Release|Any CPU
		{46AE87EB-791B-4126-B43F-CE304498A7E6}.Ad-Hoc|armeabi-v7a.Build.0 = Release|Any CPU
		{46AE87EB-791B-4126-B43F-CE304498A7E6}.Ad-Hoc|iPhone.ActiveCfg = Release|Any CPU
		{46AE87EB-791B-4126-B43F-CE304498A7E6}.Ad-Hoc|iPhone.Build.0 = Release|Any CPU
		{46AE87EB-791B-4126-B43F-CE304498A7E6}.Ad-Hoc|iPhoneSimulator.ActiveCfg = Release|Any CPU
		{46AE87EB-791B-4126-B43F-CE304498A7E6}.Ad-Hoc|iPhoneSimulator.Build.0 = Release|Any CPU
		{46AE87EB-791B-4126-B43F-CE304498A7E6}.Ad-Hoc|None.ActiveCfg = Release|Any CPU
		{46AE87EB-791B-4126-B43F-CE304498A7E6}.Ad-Hoc|None.Build.0 = Release|Any CPU
		{46AE87EB-791B-4126-B43F-CE304498A7E6}.Ad-Hoc|x64.ActiveCfg = Release|Any CPU
		{46AE87EB-791B-4126-B43F-CE304498A7E6}.Ad-Hoc|x64.Build.0 = Release|Any CPU
		{46AE87EB-791B-4126-B43F-CE304498A7E6}.Ad-Hoc|x86.ActiveCfg = Release|Any CPU
		{46AE87EB-791B-4126-B43F-CE304498A7E6}.Ad-Hoc|x86.Build.0 = Release|Any CPU
		{46AE87EB-791B-4126-B43F-CE304498A7E6}.Ad-Hoc|x86_64.ActiveCfg = Release|Any CPU
		{46AE87EB-791B-4126-B43F-CE304498A7E6}.Ad-Hoc|x86_64.Build.0 = Release|Any CPU
		{46AE87EB-791B-4126-B43F-CE304498A7E6}.AppStore|Any CPU.ActiveCfg = Release|Any CPU
		{46AE87EB-791B-4126-B43F-CE304498A7E6}.AppStore|Any CPU.Build.0 = Release|Any CPU
		{46AE87EB-791B-4126-B43F-CE304498A7E6}.AppStore|ARM.ActiveCfg = Release|Any CPU
		{46AE87EB-791B-4126-B43F-CE304498A7E6}.AppStore|ARM.Build.0 = Release|Any CPU
		{46AE87EB-791B-4126-B43F-CE304498A7E6}.AppStore|arm64-v8a.ActiveCfg = Release|Any CPU
		{46AE87EB-791B-4126-B43F-CE304498A7E6}.AppStore|arm64-v8a.Build.0 = Release|Any CPU
		{46AE87EB-791B-4126-B43F-CE304498A7E6}.AppStore|armeabi.ActiveCfg = Release|Any CPU
		{46AE87EB-791B-4126-B43F-CE304498A7E6}.AppStore|armeabi.Build.0 = Release|Any CPU
		{46AE87EB-791B-4126-B43F-CE304498A7E6}.AppStore|armeabi-v7a.ActiveCfg = Release|Any CPU
		{46AE87EB-791B-4126-B43F-CE304498A7E6}.AppStore|armeabi-v7a.Build.0 = Release|Any CPU
		{46AE87EB-791B-4126-B43F-CE304498A7E6}.AppStore|iPhone.ActiveCfg = Release|Any CPU
		{46AE87EB-791B-4126-B43F-CE304498A7E6}.AppStore|iPhone.Build.0 = Release|Any CPU
		{46AE87EB-791B-4126-B43F-CE304498A7E6}.AppStore|iPhoneSimulator.ActiveCfg = Release|Any CPU
		{46AE87EB-791B-4126-B43F-CE304498A7E6}.AppStore|iPhoneSimulator.Build.0 = Release|Any CPU
		{46AE87EB-791B-4126-B43F-CE304498A7E6}.AppStore|None.ActiveCfg = Release|Any CPU
		{46AE87EB-791B-4126-B43F-CE304498A7E6}.AppStore|None.Build.0 = Release|Any CPU
		{46AE87EB-791B-4126-B43F-CE304498A7E6}.AppStore|x64.ActiveCfg = Release|Any CPU
		{46AE87EB-791B-4126-B43F-CE304498A7E6}.AppStore|x64.Build.0 = Release|Any CPU
		{46AE87EB-791B-4126-B43F-CE304498A7E6}.AppStore|x86.ActiveCfg = Release|Any CPU
		{46AE87EB-791B-4126-B43F-CE304498A7E6}.AppStore|x86.Build.0 = Release|Any CPU
		{46AE87EB-791B-4126-B43F-CE304498A7E6}.AppStore|x86_64.ActiveCfg = Release|Any CPU
		{46AE87EB-791B-4126-B43F-CE304498A7E6}.AppStore|x86_64.Build.0 = Release|Any CPU
		{46AE87EB-791B-4126-B43F-CE304498A7E6}.Debug|Any CPU.ActiveCfg = Debug|Any CPU
		{46AE87EB-791B-4126-B43F-CE304498A7E6}.Debug|Any CPU.Build.0 = Debug|Any CPU
		{46AE87EB-791B-4126-B43F-CE304498A7E6}.Debug|ARM.ActiveCfg = Debug|Any CPU
		{46AE87EB-791B-4126-B43F-CE304498A7E6}.Debug|ARM.Build.0 = Debug|Any CPU
		{46AE87EB-791B-4126-B43F-CE304498A7E6}.Debug|arm64-v8a.ActiveCfg = Debug|Any CPU
		{46AE87EB-791B-4126-B43F-CE304498A7E6}.Debug|arm64-v8a.Build.0 = Debug|Any CPU
		{46AE87EB-791B-4126-B43F-CE304498A7E6}.Debug|armeabi.ActiveCfg = Debug|Any CPU
		{46AE87EB-791B-4126-B43F-CE304498A7E6}.Debug|armeabi.Build.0 = Debug|Any CPU
		{46AE87EB-791B-4126-B43F-CE304498A7E6}.Debug|armeabi-v7a.ActiveCfg = Debug|Any CPU
		{46AE87EB-791B-4126-B43F-CE304498A7E6}.Debug|armeabi-v7a.Build.0 = Debug|Any CPU
		{46AE87EB-791B-4126-B43F-CE304498A7E6}.Debug|iPhone.ActiveCfg = Debug|Any CPU
		{46AE87EB-791B-4126-B43F-CE304498A7E6}.Debug|iPhone.Build.0 = Debug|Any CPU
		{46AE87EB-791B-4126-B43F-CE304498A7E6}.Debug|iPhoneSimulator.ActiveCfg = Debug|Any CPU
		{46AE87EB-791B-4126-B43F-CE304498A7E6}.Debug|iPhoneSimulator.Build.0 = Debug|Any CPU
		{46AE87EB-791B-4126-B43F-CE304498A7E6}.Debug|None.ActiveCfg = Debug|Any CPU
		{46AE87EB-791B-4126-B43F-CE304498A7E6}.Debug|None.Build.0 = Debug|Any CPU
		{46AE87EB-791B-4126-B43F-CE304498A7E6}.Debug|x64.ActiveCfg = Debug|Any CPU
		{46AE87EB-791B-4126-B43F-CE304498A7E6}.Debug|x64.Build.0 = Debug|Any CPU
		{46AE87EB-791B-4126-B43F-CE304498A7E6}.Debug|x86.ActiveCfg = Debug|Any CPU
		{46AE87EB-791B-4126-B43F-CE304498A7E6}.Debug|x86.Build.0 = Debug|Any CPU
		{46AE87EB-791B-4126-B43F-CE304498A7E6}.Debug|x86_64.ActiveCfg = Debug|Any CPU
		{46AE87EB-791B-4126-B43F-CE304498A7E6}.Debug|x86_64.Build.0 = Debug|Any CPU
		{46AE87EB-791B-4126-B43F-CE304498A7E6}.Release|Any CPU.ActiveCfg = Release|Any CPU
		{46AE87EB-791B-4126-B43F-CE304498A7E6}.Release|Any CPU.Build.0 = Release|Any CPU
		{46AE87EB-791B-4126-B43F-CE304498A7E6}.Release|ARM.ActiveCfg = Release|Any CPU
		{46AE87EB-791B-4126-B43F-CE304498A7E6}.Release|ARM.Build.0 = Release|Any CPU
		{46AE87EB-791B-4126-B43F-CE304498A7E6}.Release|arm64-v8a.ActiveCfg = Release|Any CPU
		{46AE87EB-791B-4126-B43F-CE304498A7E6}.Release|arm64-v8a.Build.0 = Release|Any CPU
		{46AE87EB-791B-4126-B43F-CE304498A7E6}.Release|armeabi.ActiveCfg = Release|Any CPU
		{46AE87EB-791B-4126-B43F-CE304498A7E6}.Release|armeabi.Build.0 = Release|Any CPU
		{46AE87EB-791B-4126-B43F-CE304498A7E6}.Release|armeabi-v7a.ActiveCfg = Release|Any CPU
		{46AE87EB-791B-4126-B43F-CE304498A7E6}.Release|armeabi-v7a.Build.0 = Release|Any CPU
		{46AE87EB-791B-4126-B43F-CE304498A7E6}.Release|iPhone.ActiveCfg = Release|Any CPU
		{46AE87EB-791B-4126-B43F-CE304498A7E6}.Release|iPhone.Build.0 = Release|Any CPU
		{46AE87EB-791B-4126-B43F-CE304498A7E6}.Release|iPhoneSimulator.ActiveCfg = Release|Any CPU
		{46AE87EB-791B-4126-B43F-CE304498A7E6}.Release|iPhoneSimulator.Build.0 = Release|Any CPU
		{46AE87EB-791B-4126-B43F-CE304498A7E6}.Release|None.ActiveCfg = Release|Any CPU
		{46AE87EB-791B-4126-B43F-CE304498A7E6}.Release|None.Build.0 = Release|Any CPU
		{46AE87EB-791B-4126-B43F-CE304498A7E6}.Release|x64.ActiveCfg = Release|Any CPU
		{46AE87EB-791B-4126-B43F-CE304498A7E6}.Release|x64.Build.0 = Release|Any CPU
		{46AE87EB-791B-4126-B43F-CE304498A7E6}.Release|x86.ActiveCfg = Release|Any CPU
		{46AE87EB-791B-4126-B43F-CE304498A7E6}.Release|x86.Build.0 = Release|Any CPU
		{46AE87EB-791B-4126-B43F-CE304498A7E6}.Release|x86_64.ActiveCfg = Release|Any CPU
		{46AE87EB-791B-4126-B43F-CE304498A7E6}.Release|x86_64.Build.0 = Release|Any CPU
		{97F3C755-399E-4350-874F-8DB65AD9129B}.Ad-Hoc|Any CPU.ActiveCfg = Release|x86
		{97F3C755-399E-4350-874F-8DB65AD9129B}.Ad-Hoc|Any CPU.Build.0 = Release|x86
		{97F3C755-399E-4350-874F-8DB65AD9129B}.Ad-Hoc|Any CPU.Deploy.0 = Release|x86
		{97F3C755-399E-4350-874F-8DB65AD9129B}.Ad-Hoc|ARM.ActiveCfg = Release|ARM
		{97F3C755-399E-4350-874F-8DB65AD9129B}.Ad-Hoc|ARM.Build.0 = Release|ARM
		{97F3C755-399E-4350-874F-8DB65AD9129B}.Ad-Hoc|ARM.Deploy.0 = Release|ARM
		{97F3C755-399E-4350-874F-8DB65AD9129B}.Ad-Hoc|arm64-v8a.ActiveCfg = Release|x86
		{97F3C755-399E-4350-874F-8DB65AD9129B}.Ad-Hoc|arm64-v8a.Build.0 = Release|x86
		{97F3C755-399E-4350-874F-8DB65AD9129B}.Ad-Hoc|arm64-v8a.Deploy.0 = Release|x86
		{97F3C755-399E-4350-874F-8DB65AD9129B}.Ad-Hoc|armeabi.ActiveCfg = Release|x86
		{97F3C755-399E-4350-874F-8DB65AD9129B}.Ad-Hoc|armeabi.Build.0 = Release|x86
		{97F3C755-399E-4350-874F-8DB65AD9129B}.Ad-Hoc|armeabi.Deploy.0 = Release|x86
		{97F3C755-399E-4350-874F-8DB65AD9129B}.Ad-Hoc|armeabi-v7a.ActiveCfg = Release|x86
		{97F3C755-399E-4350-874F-8DB65AD9129B}.Ad-Hoc|armeabi-v7a.Build.0 = Release|x86
		{97F3C755-399E-4350-874F-8DB65AD9129B}.Ad-Hoc|armeabi-v7a.Deploy.0 = Release|x86
		{97F3C755-399E-4350-874F-8DB65AD9129B}.Ad-Hoc|iPhone.ActiveCfg = Release|x86
		{97F3C755-399E-4350-874F-8DB65AD9129B}.Ad-Hoc|iPhone.Build.0 = Release|x86
		{97F3C755-399E-4350-874F-8DB65AD9129B}.Ad-Hoc|iPhone.Deploy.0 = Release|x86
		{97F3C755-399E-4350-874F-8DB65AD9129B}.Ad-Hoc|iPhoneSimulator.ActiveCfg = Release|x86
		{97F3C755-399E-4350-874F-8DB65AD9129B}.Ad-Hoc|iPhoneSimulator.Build.0 = Release|x86
		{97F3C755-399E-4350-874F-8DB65AD9129B}.Ad-Hoc|iPhoneSimulator.Deploy.0 = Release|x86
		{97F3C755-399E-4350-874F-8DB65AD9129B}.Ad-Hoc|None.ActiveCfg = Release|x86
		{97F3C755-399E-4350-874F-8DB65AD9129B}.Ad-Hoc|None.Build.0 = Release|x86
		{97F3C755-399E-4350-874F-8DB65AD9129B}.Ad-Hoc|None.Deploy.0 = Release|x86
		{97F3C755-399E-4350-874F-8DB65AD9129B}.Ad-Hoc|x64.ActiveCfg = Release|x64
		{97F3C755-399E-4350-874F-8DB65AD9129B}.Ad-Hoc|x64.Build.0 = Release|x64
		{97F3C755-399E-4350-874F-8DB65AD9129B}.Ad-Hoc|x64.Deploy.0 = Release|x64
		{97F3C755-399E-4350-874F-8DB65AD9129B}.Ad-Hoc|x86.ActiveCfg = Release|x86
		{97F3C755-399E-4350-874F-8DB65AD9129B}.Ad-Hoc|x86.Build.0 = Release|x86
		{97F3C755-399E-4350-874F-8DB65AD9129B}.Ad-Hoc|x86.Deploy.0 = Release|x86
		{97F3C755-399E-4350-874F-8DB65AD9129B}.Ad-Hoc|x86_64.ActiveCfg = Release|x86
		{97F3C755-399E-4350-874F-8DB65AD9129B}.Ad-Hoc|x86_64.Build.0 = Release|x86
		{97F3C755-399E-4350-874F-8DB65AD9129B}.Ad-Hoc|x86_64.Deploy.0 = Release|x86
		{97F3C755-399E-4350-874F-8DB65AD9129B}.AppStore|Any CPU.ActiveCfg = Release|x86
		{97F3C755-399E-4350-874F-8DB65AD9129B}.AppStore|Any CPU.Build.0 = Release|x86
		{97F3C755-399E-4350-874F-8DB65AD9129B}.AppStore|Any CPU.Deploy.0 = Release|x86
		{97F3C755-399E-4350-874F-8DB65AD9129B}.AppStore|ARM.ActiveCfg = Release|ARM
		{97F3C755-399E-4350-874F-8DB65AD9129B}.AppStore|ARM.Build.0 = Release|ARM
		{97F3C755-399E-4350-874F-8DB65AD9129B}.AppStore|ARM.Deploy.0 = Release|ARM
		{97F3C755-399E-4350-874F-8DB65AD9129B}.AppStore|arm64-v8a.ActiveCfg = Release|x86
		{97F3C755-399E-4350-874F-8DB65AD9129B}.AppStore|arm64-v8a.Build.0 = Release|x86
		{97F3C755-399E-4350-874F-8DB65AD9129B}.AppStore|arm64-v8a.Deploy.0 = Release|x86
		{97F3C755-399E-4350-874F-8DB65AD9129B}.AppStore|armeabi.ActiveCfg = Release|x86
		{97F3C755-399E-4350-874F-8DB65AD9129B}.AppStore|armeabi.Build.0 = Release|x86
		{97F3C755-399E-4350-874F-8DB65AD9129B}.AppStore|armeabi.Deploy.0 = Release|x86
		{97F3C755-399E-4350-874F-8DB65AD9129B}.AppStore|armeabi-v7a.ActiveCfg = Release|x86
		{97F3C755-399E-4350-874F-8DB65AD9129B}.AppStore|armeabi-v7a.Build.0 = Release|x86
		{97F3C755-399E-4350-874F-8DB65AD9129B}.AppStore|armeabi-v7a.Deploy.0 = Release|x86
		{97F3C755-399E-4350-874F-8DB65AD9129B}.AppStore|iPhone.ActiveCfg = Release|x86
		{97F3C755-399E-4350-874F-8DB65AD9129B}.AppStore|iPhone.Build.0 = Release|x86
		{97F3C755-399E-4350-874F-8DB65AD9129B}.AppStore|iPhone.Deploy.0 = Release|x86
		{97F3C755-399E-4350-874F-8DB65AD9129B}.AppStore|iPhoneSimulator.ActiveCfg = Release|x86
		{97F3C755-399E-4350-874F-8DB65AD9129B}.AppStore|iPhoneSimulator.Build.0 = Release|x86
		{97F3C755-399E-4350-874F-8DB65AD9129B}.AppStore|iPhoneSimulator.Deploy.0 = Release|x86
		{97F3C755-399E-4350-874F-8DB65AD9129B}.AppStore|None.ActiveCfg = Release|x86
		{97F3C755-399E-4350-874F-8DB65AD9129B}.AppStore|None.Build.0 = Release|x86
		{97F3C755-399E-4350-874F-8DB65AD9129B}.AppStore|None.Deploy.0 = Release|x86
		{97F3C755-399E-4350-874F-8DB65AD9129B}.AppStore|x64.ActiveCfg = Release|x64
		{97F3C755-399E-4350-874F-8DB65AD9129B}.AppStore|x64.Build.0 = Release|x64
		{97F3C755-399E-4350-874F-8DB65AD9129B}.AppStore|x64.Deploy.0 = Release|x64
		{97F3C755-399E-4350-874F-8DB65AD9129B}.AppStore|x86.ActiveCfg = Release|x86
		{97F3C755-399E-4350-874F-8DB65AD9129B}.AppStore|x86.Build.0 = Release|x86
		{97F3C755-399E-4350-874F-8DB65AD9129B}.AppStore|x86.Deploy.0 = Release|x86
		{97F3C755-399E-4350-874F-8DB65AD9129B}.AppStore|x86_64.ActiveCfg = Release|x86
		{97F3C755-399E-4350-874F-8DB65AD9129B}.AppStore|x86_64.Build.0 = Release|x86
		{97F3C755-399E-4350-874F-8DB65AD9129B}.AppStore|x86_64.Deploy.0 = Release|x86
		{97F3C755-399E-4350-874F-8DB65AD9129B}.Debug|Any CPU.ActiveCfg = Debug|x86
		{97F3C755-399E-4350-874F-8DB65AD9129B}.Debug|Any CPU.Build.0 = Debug|x86
		{97F3C755-399E-4350-874F-8DB65AD9129B}.Debug|Any CPU.Deploy.0 = Debug|x86
		{97F3C755-399E-4350-874F-8DB65AD9129B}.Debug|ARM.ActiveCfg = Debug|ARM
		{97F3C755-399E-4350-874F-8DB65AD9129B}.Debug|ARM.Build.0 = Debug|ARM
		{97F3C755-399E-4350-874F-8DB65AD9129B}.Debug|ARM.Deploy.0 = Debug|ARM
		{97F3C755-399E-4350-874F-8DB65AD9129B}.Debug|arm64-v8a.ActiveCfg = Debug|x86
		{97F3C755-399E-4350-874F-8DB65AD9129B}.Debug|armeabi.ActiveCfg = Debug|x86
		{97F3C755-399E-4350-874F-8DB65AD9129B}.Debug|armeabi-v7a.ActiveCfg = Debug|x86
		{97F3C755-399E-4350-874F-8DB65AD9129B}.Debug|iPhone.ActiveCfg = Debug|x86
		{97F3C755-399E-4350-874F-8DB65AD9129B}.Debug|iPhoneSimulator.ActiveCfg = Debug|x86
		{97F3C755-399E-4350-874F-8DB65AD9129B}.Debug|None.ActiveCfg = Debug|x86
		{97F3C755-399E-4350-874F-8DB65AD9129B}.Debug|x64.ActiveCfg = Debug|x64
		{97F3C755-399E-4350-874F-8DB65AD9129B}.Debug|x64.Build.0 = Debug|x64
		{97F3C755-399E-4350-874F-8DB65AD9129B}.Debug|x64.Deploy.0 = Debug|x64
		{97F3C755-399E-4350-874F-8DB65AD9129B}.Debug|x86.ActiveCfg = Debug|x86
		{97F3C755-399E-4350-874F-8DB65AD9129B}.Debug|x86.Build.0 = Debug|x86
		{97F3C755-399E-4350-874F-8DB65AD9129B}.Debug|x86.Deploy.0 = Debug|x86
		{97F3C755-399E-4350-874F-8DB65AD9129B}.Debug|x86_64.ActiveCfg = Debug|x86
		{97F3C755-399E-4350-874F-8DB65AD9129B}.Release|Any CPU.ActiveCfg = Release|x64
		{97F3C755-399E-4350-874F-8DB65AD9129B}.Release|Any CPU.Build.0 = Release|x64
		{97F3C755-399E-4350-874F-8DB65AD9129B}.Release|Any CPU.Deploy.0 = Release|x64
		{97F3C755-399E-4350-874F-8DB65AD9129B}.Release|ARM.ActiveCfg = Release|ARM
		{97F3C755-399E-4350-874F-8DB65AD9129B}.Release|ARM.Build.0 = Release|ARM
		{97F3C755-399E-4350-874F-8DB65AD9129B}.Release|ARM.Deploy.0 = Release|ARM
		{97F3C755-399E-4350-874F-8DB65AD9129B}.Release|arm64-v8a.ActiveCfg = Release|x86
		{97F3C755-399E-4350-874F-8DB65AD9129B}.Release|armeabi.ActiveCfg = Release|x86
		{97F3C755-399E-4350-874F-8DB65AD9129B}.Release|armeabi-v7a.ActiveCfg = Release|x86
		{97F3C755-399E-4350-874F-8DB65AD9129B}.Release|iPhone.ActiveCfg = Release|x86
		{97F3C755-399E-4350-874F-8DB65AD9129B}.Release|iPhoneSimulator.ActiveCfg = Release|x86
		{97F3C755-399E-4350-874F-8DB65AD9129B}.Release|None.ActiveCfg = Release|x86
		{97F3C755-399E-4350-874F-8DB65AD9129B}.Release|x64.ActiveCfg = Release|x64
		{97F3C755-399E-4350-874F-8DB65AD9129B}.Release|x64.Build.0 = Release|x64
		{97F3C755-399E-4350-874F-8DB65AD9129B}.Release|x64.Deploy.0 = Release|x64
		{97F3C755-399E-4350-874F-8DB65AD9129B}.Release|x86.ActiveCfg = Release|x86
		{97F3C755-399E-4350-874F-8DB65AD9129B}.Release|x86.Build.0 = Release|x86
		{97F3C755-399E-4350-874F-8DB65AD9129B}.Release|x86.Deploy.0 = Release|x86
		{97F3C755-399E-4350-874F-8DB65AD9129B}.Release|x86_64.ActiveCfg = Release|x86
		{5BC4C9C6-5B3F-4AE6-B9EF-34C5372A0881}.Ad-Hoc|Any CPU.ActiveCfg = Ad-Hoc|iPhone
		{5BC4C9C6-5B3F-4AE6-B9EF-34C5372A0881}.Ad-Hoc|ARM.ActiveCfg = Ad-Hoc|iPhone
		{5BC4C9C6-5B3F-4AE6-B9EF-34C5372A0881}.Ad-Hoc|arm64-v8a.ActiveCfg = Ad-Hoc|iPhone
		{5BC4C9C6-5B3F-4AE6-B9EF-34C5372A0881}.Ad-Hoc|armeabi.ActiveCfg = Ad-Hoc|iPhone
		{5BC4C9C6-5B3F-4AE6-B9EF-34C5372A0881}.Ad-Hoc|armeabi-v7a.ActiveCfg = Ad-Hoc|iPhone
		{5BC4C9C6-5B3F-4AE6-B9EF-34C5372A0881}.Ad-Hoc|iPhone.ActiveCfg = Ad-Hoc|iPhone
		{5BC4C9C6-5B3F-4AE6-B9EF-34C5372A0881}.Ad-Hoc|iPhone.Build.0 = Ad-Hoc|iPhone
		{5BC4C9C6-5B3F-4AE6-B9EF-34C5372A0881}.Ad-Hoc|iPhoneSimulator.ActiveCfg = Ad-Hoc|iPhoneSimulator
		{5BC4C9C6-5B3F-4AE6-B9EF-34C5372A0881}.Ad-Hoc|iPhoneSimulator.Build.0 = Ad-Hoc|iPhoneSimulator
		{5BC4C9C6-5B3F-4AE6-B9EF-34C5372A0881}.Ad-Hoc|None.ActiveCfg = Ad-Hoc|iPhone
		{5BC4C9C6-5B3F-4AE6-B9EF-34C5372A0881}.Ad-Hoc|x64.ActiveCfg = Ad-Hoc|iPhone
		{5BC4C9C6-5B3F-4AE6-B9EF-34C5372A0881}.Ad-Hoc|x86.ActiveCfg = Ad-Hoc|iPhone
		{5BC4C9C6-5B3F-4AE6-B9EF-34C5372A0881}.Ad-Hoc|x86_64.ActiveCfg = Ad-Hoc|iPhone
		{5BC4C9C6-5B3F-4AE6-B9EF-34C5372A0881}.AppStore|Any CPU.ActiveCfg = AppStore|iPhone
		{5BC4C9C6-5B3F-4AE6-B9EF-34C5372A0881}.AppStore|ARM.ActiveCfg = AppStore|iPhone
		{5BC4C9C6-5B3F-4AE6-B9EF-34C5372A0881}.AppStore|arm64-v8a.ActiveCfg = AppStore|iPhone
		{5BC4C9C6-5B3F-4AE6-B9EF-34C5372A0881}.AppStore|armeabi.ActiveCfg = AppStore|iPhone
		{5BC4C9C6-5B3F-4AE6-B9EF-34C5372A0881}.AppStore|armeabi-v7a.ActiveCfg = AppStore|iPhone
		{5BC4C9C6-5B3F-4AE6-B9EF-34C5372A0881}.AppStore|iPhone.ActiveCfg = AppStore|iPhone
		{5BC4C9C6-5B3F-4AE6-B9EF-34C5372A0881}.AppStore|iPhone.Build.0 = AppStore|iPhone
		{5BC4C9C6-5B3F-4AE6-B9EF-34C5372A0881}.AppStore|iPhoneSimulator.ActiveCfg = AppStore|iPhoneSimulator
		{5BC4C9C6-5B3F-4AE6-B9EF-34C5372A0881}.AppStore|iPhoneSimulator.Build.0 = AppStore|iPhoneSimulator
		{5BC4C9C6-5B3F-4AE6-B9EF-34C5372A0881}.AppStore|None.ActiveCfg = AppStore|iPhone
		{5BC4C9C6-5B3F-4AE6-B9EF-34C5372A0881}.AppStore|x64.ActiveCfg = AppStore|iPhone
		{5BC4C9C6-5B3F-4AE6-B9EF-34C5372A0881}.AppStore|x86.ActiveCfg = AppStore|iPhone
		{5BC4C9C6-5B3F-4AE6-B9EF-34C5372A0881}.AppStore|x86_64.ActiveCfg = AppStore|iPhone
		{5BC4C9C6-5B3F-4AE6-B9EF-34C5372A0881}.Debug|Any CPU.ActiveCfg = Debug|iPhone
		{5BC4C9C6-5B3F-4AE6-B9EF-34C5372A0881}.Debug|ARM.ActiveCfg = Debug|iPhone
		{5BC4C9C6-5B3F-4AE6-B9EF-34C5372A0881}.Debug|arm64-v8a.ActiveCfg = Debug|iPhone
		{5BC4C9C6-5B3F-4AE6-B9EF-34C5372A0881}.Debug|armeabi.ActiveCfg = Debug|iPhone
		{5BC4C9C6-5B3F-4AE6-B9EF-34C5372A0881}.Debug|armeabi-v7a.ActiveCfg = Debug|iPhone
		{5BC4C9C6-5B3F-4AE6-B9EF-34C5372A0881}.Debug|iPhone.ActiveCfg = Debug|iPhone
		{5BC4C9C6-5B3F-4AE6-B9EF-34C5372A0881}.Debug|iPhone.Build.0 = Debug|iPhone
		{5BC4C9C6-5B3F-4AE6-B9EF-34C5372A0881}.Debug|iPhoneSimulator.ActiveCfg = Debug|iPhoneSimulator
		{5BC4C9C6-5B3F-4AE6-B9EF-34C5372A0881}.Debug|iPhoneSimulator.Build.0 = Debug|iPhoneSimulator
		{5BC4C9C6-5B3F-4AE6-B9EF-34C5372A0881}.Debug|None.ActiveCfg = Debug|iPhone
		{5BC4C9C6-5B3F-4AE6-B9EF-34C5372A0881}.Debug|x64.ActiveCfg = Debug|iPhone
		{5BC4C9C6-5B3F-4AE6-B9EF-34C5372A0881}.Debug|x86.ActiveCfg = Debug|iPhone
		{5BC4C9C6-5B3F-4AE6-B9EF-34C5372A0881}.Debug|x86_64.ActiveCfg = Debug|iPhone
		{5BC4C9C6-5B3F-4AE6-B9EF-34C5372A0881}.Release|Any CPU.ActiveCfg = Release|iPhone
		{5BC4C9C6-5B3F-4AE6-B9EF-34C5372A0881}.Release|ARM.ActiveCfg = Release|iPhone
		{5BC4C9C6-5B3F-4AE6-B9EF-34C5372A0881}.Release|arm64-v8a.ActiveCfg = Release|iPhone
		{5BC4C9C6-5B3F-4AE6-B9EF-34C5372A0881}.Release|armeabi.ActiveCfg = Release|iPhone
		{5BC4C9C6-5B3F-4AE6-B9EF-34C5372A0881}.Release|armeabi-v7a.ActiveCfg = Release|iPhone
		{5BC4C9C6-5B3F-4AE6-B9EF-34C5372A0881}.Release|iPhone.ActiveCfg = Release|iPhone
		{5BC4C9C6-5B3F-4AE6-B9EF-34C5372A0881}.Release|iPhone.Build.0 = Release|iPhone
		{5BC4C9C6-5B3F-4AE6-B9EF-34C5372A0881}.Release|iPhoneSimulator.ActiveCfg = Release|iPhoneSimulator
		{5BC4C9C6-5B3F-4AE6-B9EF-34C5372A0881}.Release|iPhoneSimulator.Build.0 = Release|iPhoneSimulator
		{5BC4C9C6-5B3F-4AE6-B9EF-34C5372A0881}.Release|None.ActiveCfg = Release|iPhone
		{5BC4C9C6-5B3F-4AE6-B9EF-34C5372A0881}.Release|x64.ActiveCfg = Release|iPhone
		{5BC4C9C6-5B3F-4AE6-B9EF-34C5372A0881}.Release|x86.ActiveCfg = Release|iPhone
		{5BC4C9C6-5B3F-4AE6-B9EF-34C5372A0881}.Release|x86_64.ActiveCfg = Release|iPhone
	EndGlobalSection
	GlobalSection(SolutionProperties) = preSolution
		HideSolutionNode = FALSE
	EndGlobalSection
	GlobalSection(NestedProjects) = preSolution
		{BE6A5A58-1321-424B-9353-829AF7215938} = {BD3684EA-D4FD-45FF-9EC0-9719331972C4}
		{46AE87EB-791B-4126-B43F-CE304498A7E6} = {BD3684EA-D4FD-45FF-9EC0-9719331972C4}
		{97F3C755-399E-4350-874F-8DB65AD9129B} = {BD3684EA-D4FD-45FF-9EC0-9719331972C4}
		{5BC4C9C6-5B3F-4AE6-B9EF-34C5372A0881} = {BD3684EA-D4FD-45FF-9EC0-9719331972C4}
	EndGlobalSection
EndGlobal
